
Microsoft Visual Studio Solution File, Format Version 12.00
Project("{FAE04EC0-301F-11D3-BF4B-00C04F79EFBC}") = "TutorScheduling.API", "TutorScheduling.API\TutorScheduling.API.csproj", "{09A3AE88-DB6C-47B3-9EAB-96A618267631}"
EndProject
Project("{FAE04EC0-301F-11D3-BF4B-00C04F79EFBC}") = "TutorScheduling.Domain", "TutorScheduling.Domain\TutorScheduling.Domain.csproj", "{5E1B3C7C-A195-4ADD-85F9-EB478AF973A7}"
EndProject
Project("{FAE04EC0-301F-11D3-BF4B-00C04F79EFBC}") = "TutorScheduling.Domain.Tests", "TutorScheduling.Domain.Tests\TutorScheduling.Domain.Tests.csproj", "{342D9F69-77C6-4BC6-B8B7-11E94B9C6EA3}"
EndProject
Project("{FAE04EC0-301F-11D3-BF4B-00C04F79EFBC}") = "TutorScheduling.Client", "TutorScheduling.Client\TutorScheduling.Client.csproj", "{3DE3C10F-E5A6-4746-BC1C-3947B4C0EFF6}"
EndProject
Project("{FAE04EC0-301F-11D3-BF4B-00C04F79EFBC}") = "TutorScheduling.Client.Logic", "TutorScheduling.Client.Logic\TutorScheduling.Client.Logic.csproj", "{A829E36F-2EFA-411C-8238-A7F3FD2B51F3}"
EndProject
Project("{2150E333-8FDC-42A3-9474-1A3956D46DE8}") = "Backend", "Backend", "{52ECFCF5-40AE-424B-8956-7AED8B0249CB}"
EndProject
Project("{2150E333-8FDC-42A3-9474-1A3956D46DE8}") = "Frontend", "Frontend", "{FEA3750F-D5EB-430B-A55A-34FDB683A731}"
EndProject
Project("{2150E333-8FDC-42A3-9474-1A3956D46DE8}") = "Tests", "Tests", "{D1A5D8E3-0095-48B9-BF9B-5175A847BD5B}"
EndProject
Project("{FAE04EC0-301F-11D3-BF4B-00C04F79EFBC}") = "TutorScheduling.Client.Logic.Tests", "TutorScheduling.Client.Logic.Tests\TutorScheduling.Client.Logic.Tests.csproj", "{1F88B68F-CEED-4818-A9DF-5450C531B02E}"
EndProject
Global
	GlobalSection(SolutionConfigurationPlatforms) = preSolution
		Debug|Any CPU = Debug|Any CPU
		Release|Any CPU = Release|Any CPU
	EndGlobalSection
	GlobalSection(ProjectConfigurationPlatforms) = postSolution
		{09A3AE88-DB6C-47B3-9EAB-96A618267631}.Debug|Any CPU.ActiveCfg = Debug|Any CPU
		{09A3AE88-DB6C-47B3-9EAB-96A618267631}.Debug|Any CPU.Build.0 = Debug|Any CPU
		{09A3AE88-DB6C-47B3-9EAB-96A618267631}.Release|Any CPU.ActiveCfg = Release|Any CPU
		{09A3AE88-DB6C-47B3-9EAB-96A618267631}.Release|Any CPU.Build.0 = Release|Any CPU
		{5E1B3C7C-A195-4ADD-85F9-EB478AF973A7}.Debug|Any CPU.ActiveCfg = Debug|Any CPU
		{5E1B3C7C-A195-4ADD-85F9-EB478AF973A7}.Debug|Any CPU.Build.0 = Debug|Any CPU
		{5E1B3C7C-A195-4ADD-85F9-EB478AF973A7}.Release|Any CPU.ActiveCfg = Release|Any CPU
		{5E1B3C7C-A195-4ADD-85F9-EB478AF973A7}.Release|Any CPU.Build.0 = Release|Any CPU
		{342D9F69-77C6-4BC6-B8B7-11E94B9C6EA3}.Debug|Any CPU.ActiveCfg = Debug|Any CPU
		{342D9F69-77C6-4BC6-B8B7-11E94B9C6EA3}.Debug|Any CPU.Build.0 = Debug|Any CPU
		{342D9F69-77C6-4BC6-B8B7-11E94B9C6EA3}.Release|Any CPU.ActiveCfg = Release|Any CPU
		{342D9F69-77C6-4BC6-B8B7-11E94B9C6EA3}.Release|Any CPU.Build.0 = Release|Any CPU
		{3DE3C10F-E5A6-4746-BC1C-3947B4C0EFF6}.Debug|Any CPU.ActiveCfg = Debug|Any CPU
		{3DE3C10F-E5A6-4746-BC1C-3947B4C0EFF6}.Debug|Any CPU.Build.0 = Debug|Any CPU
		{3DE3C10F-E5A6-4746-BC1C-3947B4C0EFF6}.Release|Any CPU.ActiveCfg = Release|Any CPU
		{3DE3C10F-E5A6-4746-BC1C-3947B4C0EFF6}.Release|Any CPU.Build.0 = Release|Any CPU
		{A829E36F-2EFA-411C-8238-A7F3FD2B51F3}.Debug|Any CPU.ActiveCfg = Debug|Any CPU
		{A829E36F-2EFA-411C-8238-A7F3FD2B51F3}.Debug|Any CPU.Build.0 = Debug|Any CPU
		{A829E36F-2EFA-411C-8238-A7F3FD2B51F3}.Release|Any CPU.ActiveCfg = Release|Any CPU
		{A829E36F-2EFA-411C-8238-A7F3FD2B51F3}.Release|Any CPU.Build.0 = Release|Any CPU
		{1F88B68F-CEED-4818-A9DF-5450C531B02E}.Debug|Any CPU.ActiveCfg = Debug|Any CPU
		{1F88B68F-CEED-4818-A9DF-5450C531B02E}.Debug|Any CPU.Build.0 = Debug|Any CPU
		{1F88B68F-CEED-4818-A9DF-5450C531B02E}.Release|Any CPU.ActiveCfg = Release|Any CPU
		{1F88B68F-CEED-4818-A9DF-5450C531B02E}.Release|Any CPU.Build.0 = Release|Any CPU
	EndGlobalSection
	GlobalSection(NestedProjects) = preSolution
		{09A3AE88-DB6C-47B3-9EAB-96A618267631} = {52ECFCF5-40AE-424B-8956-7AED8B0249CB}
		{5E1B3C7C-A195-4ADD-85F9-EB478AF973A7} = {52ECFCF5-40AE-424B-8956-7AED8B0249CB}
		{3DE3C10F-E5A6-4746-BC1C-3947B4C0EFF6} = {FEA3750F-D5EB-430B-A55A-34FDB683A731}
		{A829E36F-2EFA-411C-8238-A7F3FD2B51F3} = {FEA3750F-D5EB-430B-A55A-34FDB683A731}
		{342D9F69-77C6-4BC6-B8B7-11E94B9C6EA3} = {D1A5D8E3-0095-48B9-BF9B-5175A847BD5B}
		{1F88B68F-CEED-4818-A9DF-5450C531B02E} = {D1A5D8E3-0095-48B9-BF9B-5175A847BD5B}
	EndGlobalSection
EndGlobal
